
Microsoft Visual Studio Solution File, Format Version 12.00
# Visual Studio Version 17
VisualStudioVersion = 17.11.35222.181
MinimumVisualStudioVersion = 10.0.40219.1
Project("{2150E333-8FDC-42A3-9474-1A3956D46DE8}") = "Task0", "Task0", "{944BCC5D-19FE-4758-A0C0-2F8E6B055CA9}"
EndProject
Project("{FAE04EC0-301F-11D3-BF4B-00C04F79EFBC}") = "Tyuiu.KrasyukME.Sprint4.Task0.V25", "Tyuiu.KrasyukME.Sprint4.Task0.V25\Tyuiu.KrasyukME.Sprint4.Task0.V25.csproj", "{21256381-4591-415B-8823-848CAB3CECDD}"
EndProject
Project("{FAE04EC0-301F-11D3-BF4B-00C04F79EFBC}") = "Tyuiu.KrasyukME.Sprint4.Task0.V25.Lib", "Tyuiu.KrasyukME.Sprint4.Task0.V25.Lib\Tyuiu.KrasyukME.Sprint4.Task0.V25.Lib.csproj", "{EBACFEA3-C32E-455E-A64D-A8AAA595A311}"
EndProject
Project("{FAE04EC0-301F-11D3-BF4B-00C04F79EFBC}") = "Tyuiu.KrasyukME.Sprint4.Task0.V25.Test", "Tyuiu.KrasyukME.Sprint4.Task0.V25.Test\Tyuiu.KrasyukME.Sprint4.Task0.V25.Test.csproj", "{BB642E48-F91D-42F9-92C0-06682DB71863}"
EndProject
Project("{2150E333-8FDC-42A3-9474-1A3956D46DE8}") = "Task1", "Task1", "{ABE190E4-B45F-42C0-9166-06817B37C9F5}"
EndProject
Project("{FAE04EC0-301F-11D3-BF4B-00C04F79EFBC}") = "Tyuiu.KrasyukME.Sprint4.Task1.V4", "Tyuiu.KrasyukME.Sprint4.Task1.V4\Tyuiu.KrasyukME.Sprint4.Task1.V4.csproj", "{20667F8C-9B0B-4644-ABD8-24313466C9E5}"
EndProject
Project("{FAE04EC0-301F-11D3-BF4B-00C04F79EFBC}") = "Tyuiu.KrasyukME.Sprint4.Task1.V4.Lib", "Tyuiu.KrasyukME.Sprint4.Task1.V4.Lib\Tyuiu.KrasyukME.Sprint4.Task1.V4.Lib.csproj", "{70280D4F-4F0E-4469-AD4A-EC18F92301B2}"
EndProject
Project("{FAE04EC0-301F-11D3-BF4B-00C04F79EFBC}") = "Tyuiu.KrasyukME.Sprint4.Task1.V4.Test", "Tyuiu.KrasyukME.Sprint4.Task1.V4.Test\Tyuiu.KrasyukME.Sprint4.Task1.V4.Test.csproj", "{E05F0EC1-EE36-4922-9FD3-5A0D94648D9F}"
EndProject
Project("{2150E333-8FDC-42A3-9474-1A3956D46DE8}") = "Task2", "Task2", "{4BF9D57A-A1A3-406F-8584-5986C98420DF}"
EndProject
Project("{FAE04EC0-301F-11D3-BF4B-00C04F79EFBC}") = "Tyuiu.KrasyukME.Sprint4.Task2.V18", "Tyuiu.KrasyukME.Sprint4.Task2.V18\Tyuiu.KrasyukME.Sprint4.Task2.V18.csproj", "{70F6E95B-544F-476C-B629-7DFC91D1B1D1}"
EndProject
Project("{FAE04EC0-301F-11D3-BF4B-00C04F79EFBC}") = "Tyuiu.KrasyukME.Sprint4.Task2.V18.Lib", "Tyuiu.KrasyukME.Sprint4.Task2.V18.Lib\Tyuiu.KrasyukME.Sprint4.Task2.V18.Lib.csproj", "{E85736D3-83C8-4262-BA3F-F63AFFC9D359}"
EndProject
Project("{FAE04EC0-301F-11D3-BF4B-00C04F79EFBC}") = "Tyuiu.KrasyukME.Sprint4.Task2.V18.Test", "Tyuiu.KrasyukME.Sprint4.Task2.V18.Test\Tyuiu.KrasyukME.Sprint4.Task2.V18.Test.csproj", "{205B1EDD-A578-418A-AA42-2CDA69A8C343}"
EndProject
Global
	GlobalSection(SolutionConfigurationPlatforms) = preSolution
		Debug|Any CPU = Debug|Any CPU
		Release|Any CPU = Release|Any CPU
	EndGlobalSection
	GlobalSection(ProjectConfigurationPlatforms) = postSolution
		{21256381-4591-415B-8823-848CAB3CECDD}.Debug|Any CPU.ActiveCfg = Debug|Any CPU
		{21256381-4591-415B-8823-848CAB3CECDD}.Debug|Any CPU.Build.0 = Debug|Any CPU
		{21256381-4591-415B-8823-848CAB3CECDD}.Release|Any CPU.ActiveCfg = Release|Any CPU
		{21256381-4591-415B-8823-848CAB3CECDD}.Release|Any CPU.Build.0 = Release|Any CPU
		{EBACFEA3-C32E-455E-A64D-A8AAA595A311}.Debug|Any CPU.ActiveCfg = Debug|Any CPU
		{EBACFEA3-C32E-455E-A64D-A8AAA595A311}.Debug|Any CPU.Build.0 = Debug|Any CPU
		{EBACFEA3-C32E-455E-A64D-A8AAA595A311}.Release|Any CPU.ActiveCfg = Release|Any CPU
		{EBACFEA3-C32E-455E-A64D-A8AAA595A311}.Release|Any CPU.Build.0 = Release|Any CPU
		{BB642E48-F91D-42F9-92C0-06682DB71863}.Debug|Any CPU.ActiveCfg = Debug|Any CPU
		{BB642E48-F91D-42F9-92C0-06682DB71863}.Debug|Any CPU.Build.0 = Debug|Any CPU
		{BB642E48-F91D-42F9-92C0-06682DB71863}.Release|Any CPU.ActiveCfg = Release|Any CPU
		{BB642E48-F91D-42F9-92C0-06682DB71863}.Release|Any CPU.Build.0 = Release|Any CPU
		{20667F8C-9B0B-4644-ABD8-24313466C9E5}.Debug|Any CPU.ActiveCfg = Debug|Any CPU
		{20667F8C-9B0B-4644-ABD8-24313466C9E5}.Debug|Any CPU.Build.0 = Debug|Any CPU
		{20667F8C-9B0B-4644-ABD8-24313466C9E5}.Release|Any CPU.ActiveCfg = Release|Any CPU
		{20667F8C-9B0B-4644-ABD8-24313466C9E5}.Release|Any CPU.Build.0 = Release|Any CPU
		{70280D4F-4F0E-4469-AD4A-EC18F92301B2}.Debug|Any CPU.ActiveCfg = Debug|Any CPU
		{70280D4F-4F0E-4469-AD4A-EC18F92301B2}.Debug|Any CPU.Build.0 = Debug|Any CPU
		{70280D4F-4F0E-4469-AD4A-EC18F92301B2}.Release|Any CPU.ActiveCfg = Release|Any CPU
		{70280D4F-4F0E-4469-AD4A-EC18F92301B2}.Release|Any CPU.Build.0 = Release|Any CPU
		{E05F0EC1-EE36-4922-9FD3-5A0D94648D9F}.Debug|Any CPU.ActiveCfg = Debug|Any CPU
		{E05F0EC1-EE36-4922-9FD3-5A0D94648D9F}.Debug|Any CPU.Build.0 = Debug|Any CPU
		{E05F0EC1-EE36-4922-9FD3-5A0D94648D9F}.Release|Any CPU.ActiveCfg = Release|Any CPU
		{E05F0EC1-EE36-4922-9FD3-5A0D94648D9F}.Release|Any CPU.Build.0 = Release|Any CPU
		{70F6E95B-544F-476C-B629-7DFC91D1B1D1}.Debug|Any CPU.ActiveCfg = Debug|Any CPU
		{70F6E95B-544F-476C-B629-7DFC91D1B1D1}.Debug|Any CPU.Build.0 = Debug|Any CPU
		{70F6E95B-544F-476C-B629-7DFC91D1B1D1}.Release|Any CPU.ActiveCfg = Release|Any CPU
		{70F6E95B-544F-476C-B629-7DFC91D1B1D1}.Release|Any CPU.Build.0 = Release|Any CPU
		{E85736D3-83C8-4262-BA3F-F63AFFC9D359}.Debug|Any CPU.ActiveCfg = Debug|Any CPU
		{E85736D3-83C8-4262-BA3F-F63AFFC9D359}.Debug|Any CPU.Build.0 = Debug|Any CPU
		{E85736D3-83C8-4262-BA3F-F63AFFC9D359}.Release|Any CPU.ActiveCfg = Release|Any CPU
		{E85736D3-83C8-4262-BA3F-F63AFFC9D359}.Release|Any CPU.Build.0 = Release|Any CPU
		{205B1EDD-A578-418A-AA42-2CDA69A8C343}.Debug|Any CPU.ActiveCfg = Debug|Any CPU
		{205B1EDD-A578-418A-AA42-2CDA69A8C343}.Debug|Any CPU.Build.0 = Debug|Any CPU
		{205B1EDD-A578-418A-AA42-2CDA69A8C343}.Release|Any CPU.ActiveCfg = Release|Any CPU
		{205B1EDD-A578-418A-AA42-2CDA69A8C343}.Release|Any CPU.Build.0 = Release|Any CPU
	EndGlobalSection
	GlobalSection(SolutionProperties) = preSolution
		HideSolutionNode = FALSE
	EndGlobalSection
	GlobalSection(NestedProjects) = preSolution
		{21256381-4591-415B-8823-848CAB3CECDD} = {944BCC5D-19FE-4758-A0C0-2F8E6B055CA9}
		{EBACFEA3-C32E-455E-A64D-A8AAA595A311} = {944BCC5D-19FE-4758-A0C0-2F8E6B055CA9}
		{BB642E48-F91D-42F9-92C0-06682DB71863} = {944BCC5D-19FE-4758-A0C0-2F8E6B055CA9}
		{20667F8C-9B0B-4644-ABD8-24313466C9E5} = {ABE190E4-B45F-42C0-9166-06817B37C9F5}
		{70280D4F-4F0E-4469-AD4A-EC18F92301B2} = {ABE190E4-B45F-42C0-9166-06817B37C9F5}
		{E05F0EC1-EE36-4922-9FD3-5A0D94648D9F} = {ABE190E4-B45F-42C0-9166-06817B37C9F5}
		{70F6E95B-544F-476C-B629-7DFC91D1B1D1} = {4BF9D57A-A1A3-406F-8584-5986C98420DF}
		{E85736D3-83C8-4262-BA3F-F63AFFC9D359} = {4BF9D57A-A1A3-406F-8584-5986C98420DF}
		{205B1EDD-A578-418A-AA42-2CDA69A8C343} = {4BF9D57A-A1A3-406F-8584-5986C98420DF}
	EndGlobalSection
	GlobalSection(ExtensibilityGlobals) = postSolution
		SolutionGuid = {91CCAF32-D4B9-49ED-A5DB-515C3444BE90}
	EndGlobalSection
EndGlobal
