
Microsoft Visual Studio Solution File, Format Version 12.00
# Visual Studio Version 17
VisualStudioVersion = 17.11.35222.181
MinimumVisualStudioVersion = 10.0.40219.1
Project("{2150E333-8FDC-42A3-9474-1A3956D46DE8}") = "Task0", "Task0", "{944BCC5D-19FE-4758-A0C0-2F8E6B055CA9}"
EndProject
Project("{FAE04EC0-301F-11D3-BF4B-00C04F79EFBC}") = "Tyuiu.KrasyukME.Sprint4.Task0.V25", "Tyuiu.KrasyukME.Sprint4.Task0.V25\Tyuiu.KrasyukME.Sprint4.Task0.V25.csproj", "{21256381-4591-415B-8823-848CAB3CECDD}"
EndProject
Project("{FAE04EC0-301F-11D3-BF4B-00C04F79EFBC}") = "Tyuiu.KrasyukME.Sprint4.Task0.V25.Lib", "Tyuiu.KrasyukME.Sprint4.Task0.V25.Lib\Tyuiu.KrasyukME.Sprint4.Task0.V25.Lib.csproj", "{EBACFEA3-C32E-455E-A64D-A8AAA595A311}"
EndProject
Project("{FAE04EC0-301F-11D3-BF4B-00C04F79EFBC}") = "Tyuiu.KrasyukME.Sprint4.Task0.V25.Test", "Tyuiu.KrasyukME.Sprint4.Task0.V25.Test\Tyuiu.KrasyukME.Sprint4.Task0.V25.Test.csproj", "{BB642E48-F91D-42F9-92C0-06682DB71863}"
EndProject
Project("{2150E333-8FDC-42A3-9474-1A3956D46DE8}") = "Task1", "Task1", "{ABE190E4-B45F-42C0-9166-06817B37C9F5}"
EndProject
Project("{FAE04EC0-301F-11D3-BF4B-00C04F79EFBC}") = "Tyuiu.KrasyukME.Sprint4.Task1.V4", "Tyuiu.KrasyukME.Sprint4.Task1.V4\Tyuiu.KrasyukME.Sprint4.Task1.V4.csproj", "{20667F8C-9B0B-4644-ABD8-24313466C9E5}"
EndProject
Project("{FAE04EC0-301F-11D3-BF4B-00C04F79EFBC}") = "Tyuiu.KrasyukME.Sprint4.Task1.V4.Lib", "Tyuiu.KrasyukME.Sprint4.Task1.V4.Lib\Tyuiu.KrasyukME.Sprint4.Task1.V4.Lib.csproj", "{70280D4F-4F0E-4469-AD4A-EC18F92301B2}"
EndProject
Project("{FAE04EC0-301F-11D3-BF4B-00C04F79EFBC}") = "Tyuiu.KrasyukME.Sprint4.Task1.V4.Test", "Tyuiu.KrasyukME.Sprint4.Task1.V4.Test\Tyuiu.KrasyukME.Sprint4.Task1.V4.Test.csproj", "{E05F0EC1-EE36-4922-9FD3-5A0D94648D9F}"
EndProject
Project("{2150E333-8FDC-42A3-9474-1A3956D46DE8}") = "Task2", "Task2", "{4BF9D57A-A1A3-406F-8584-5986C98420DF}"
EndProject
Project("{FAE04EC0-301F-11D3-BF4B-00C04F79EFBC}") = "Tyuiu.KrasyukME.Sprint4.Task2.V18", "Tyuiu.KrasyukME.Sprint4.Task2.V18\Tyuiu.KrasyukME.Sprint4.Task2.V18.csproj", "{70F6E95B-544F-476C-B629-7DFC91D1B1D1}"
EndProject
Project("{FAE04EC0-301F-11D3-BF4B-00C04F79EFBC}") = "Tyuiu.KrasyukME.Sprint4.Task2.V18.Lib", "Tyuiu.KrasyukME.Sprint4.Task2.V18.Lib\Tyuiu.KrasyukME.Sprint4.Task2.V18.Lib.csproj", "{E85736D3-83C8-4262-BA3F-F63AFFC9D359}"
EndProject
Project("{FAE04EC0-301F-11D3-BF4B-00C04F79EFBC}") = "Tyuiu.KrasyukME.Sprint4.Task2.V18.Test", "Tyuiu.KrasyukME.Sprint4.Task2.V18.Test\Tyuiu.KrasyukME.Sprint4.Task2.V18.Test.csproj", "{205B1EDD-A578-418A-AA42-2CDA69A8C343}"
EndProject
Project("{2150E333-8FDC-42A3-9474-1A3956D46DE8}") = "Task3", "Task3", "{D53BE7BE-F8F8-4D7E-BA62-AC4D4F3F4B5B}"
EndProject
Project("{FAE04EC0-301F-11D3-BF4B-00C04F79EFBC}") = "Tyuiu.KrasyukME.Sprint4.Task3.V5", "Tyuiu.KrasyukME.Sprint4.Task3.V5\Tyuiu.KrasyukME.Sprint4.Task3.V5.csproj", "{ADB42C5C-567F-4192-9DC2-FB695D28577E}"
EndProject
Project("{FAE04EC0-301F-11D3-BF4B-00C04F79EFBC}") = "Tyuiu.KrasyukME.Sprint4.Task3.V5.Lib", "Tyuiu.KrasyukME.Sprint4.Task3.V5.Lib\Tyuiu.KrasyukME.Sprint4.Task3.V5.Lib.csproj", "{EB012D72-FB3F-4112-9302-404C5566BDF1}"
EndProject
Project("{FAE04EC0-301F-11D3-BF4B-00C04F79EFBC}") = "Tyuiu.KrasyukME.Sprint4.Task3.V5.Test", "Tyuiu.KrasyukME.Sprint4.Task3.V5.Test\Tyuiu.KrasyukME.Sprint4.Task3.V5.Test.csproj", "{7C7B9A86-5C18-4227-B5B8-66EDA9F0AE14}"
EndProject
Project("{2150E333-8FDC-42A3-9474-1A3956D46DE8}") = "Task4", "Task4", "{0E23298E-E51B-4F88-91E5-3B91ABD5AA08}"
EndProject
Project("{FAE04EC0-301F-11D3-BF4B-00C04F79EFBC}") = "Tyuiu.KrasyukME.Sprint4.Task4.V29", "Tyuiu.KrasyukME.Sprint4.Task4.V29\Tyuiu.KrasyukME.Sprint4.Task4.V29.csproj", "{7E98DC20-FEED-463B-8542-3C8C8965227C}"
EndProject
Project("{FAE04EC0-301F-11D3-BF4B-00C04F79EFBC}") = "Tyuiu.KrasyukME.Sprint4.Task4.V29.Lib", "Tyuiu.KrasyukME.Sprint4.Task4.V29.Lib\Tyuiu.KrasyukME.Sprint4.Task4.V29.Lib.csproj", "{EAD88E29-82AA-4080-9D7E-47072836BC9B}"
EndProject
Project("{FAE04EC0-301F-11D3-BF4B-00C04F79EFBC}") = "Tyuiu.KrasyukME.Sprint4.Task4.V29.Test", "Tyuiu.KrasyukME.Sprint4.Task4.V29.Test\Tyuiu.KrasyukME.Sprint4.Task4.V29.Test.csproj", "{35CADD01-6C3D-417E-A49A-D9F3E010CEB4}"
EndProject
Project("{2150E333-8FDC-42A3-9474-1A3956D46DE8}") = "Task5", "Task5", "{723632AC-2BEE-4EE1-880D-6F43DA4EA563}"
EndProject
Project("{2150E333-8FDC-42A3-9474-1A3956D46DE8}") = "Task6", "Task6", "{CDF605FA-CDE6-4732-8D21-169BC121E40E}"
EndProject
Project("{2150E333-8FDC-42A3-9474-1A3956D46DE8}") = "Task7", "Task7", "{2A2EA231-6BAB-4EC2-AD6F-B7A1AD983FF3}"
EndProject
Project("{FAE04EC0-301F-11D3-BF4B-00C04F79EFBC}") = "Tyuiu.KrasyukME.Sprint4.Task5.V6", "Tyuiu.KrasyukME.Sprint4.Task5.V6\Tyuiu.KrasyukME.Sprint4.Task5.V6.csproj", "{A1DCC5C9-C642-49C8-8204-17AD7BAC0D98}"
EndProject
Project("{FAE04EC0-301F-11D3-BF4B-00C04F79EFBC}") = "Tyuiu.KrasyukME.Sprint4.Task5.V6.Lib", "Tyuiu.KrasyukME.Sprint4.Task5.V6.Lib\Tyuiu.KrasyukME.Sprint4.Task5.V6.Lib.csproj", "{90DCD4E4-560F-4C78-8EE4-FAF1FF00CA51}"
EndProject
Project("{FAE04EC0-301F-11D3-BF4B-00C04F79EFBC}") = "Tyuiu.KrasyukME.Sprint4.Task5.V6.Test", "Tyuiu.KrasyukME.Sprint4.Task5.V6.Test\Tyuiu.KrasyukME.Sprint4.Task5.V6.Test.csproj", "{BA7B61ED-B19E-42B9-81FC-F23976BEA83C}"
EndProject
Global
	GlobalSection(SolutionConfigurationPlatforms) = preSolution
		Debug|Any CPU = Debug|Any CPU
		Release|Any CPU = Release|Any CPU
	EndGlobalSection
	GlobalSection(ProjectConfigurationPlatforms) = postSolution
		{21256381-4591-415B-8823-848CAB3CECDD}.Debug|Any CPU.ActiveCfg = Debug|Any CPU
		{21256381-4591-415B-8823-848CAB3CECDD}.Debug|Any CPU.Build.0 = Debug|Any CPU
		{21256381-4591-415B-8823-848CAB3CECDD}.Release|Any CPU.ActiveCfg = Release|Any CPU
		{21256381-4591-415B-8823-848CAB3CECDD}.Release|Any CPU.Build.0 = Release|Any CPU
		{EBACFEA3-C32E-455E-A64D-A8AAA595A311}.Debug|Any CPU.ActiveCfg = Debug|Any CPU
		{EBACFEA3-C32E-455E-A64D-A8AAA595A311}.Debug|Any CPU.Build.0 = Debug|Any CPU
		{EBACFEA3-C32E-455E-A64D-A8AAA595A311}.Release|Any CPU.ActiveCfg = Release|Any CPU
		{EBACFEA3-C32E-455E-A64D-A8AAA595A311}.Release|Any CPU.Build.0 = Release|Any CPU
		{BB642E48-F91D-42F9-92C0-06682DB71863}.Debug|Any CPU.ActiveCfg = Debug|Any CPU
		{BB642E48-F91D-42F9-92C0-06682DB71863}.Debug|Any CPU.Build.0 = Debug|Any CPU
		{BB642E48-F91D-42F9-92C0-06682DB71863}.Release|Any CPU.ActiveCfg = Release|Any CPU
		{BB642E48-F91D-42F9-92C0-06682DB71863}.Release|Any CPU.Build.0 = Release|Any CPU
		{20667F8C-9B0B-4644-ABD8-24313466C9E5}.Debug|Any CPU.ActiveCfg = Debug|Any CPU
		{20667F8C-9B0B-4644-ABD8-24313466C9E5}.Debug|Any CPU.Build.0 = Debug|Any CPU
		{20667F8C-9B0B-4644-ABD8-24313466C9E5}.Release|Any CPU.ActiveCfg = Release|Any CPU
		{20667F8C-9B0B-4644-ABD8-24313466C9E5}.Release|Any CPU.Build.0 = Release|Any CPU
		{70280D4F-4F0E-4469-AD4A-EC18F92301B2}.Debug|Any CPU.ActiveCfg = Debug|Any CPU
		{70280D4F-4F0E-4469-AD4A-EC18F92301B2}.Debug|Any CPU.Build.0 = Debug|Any CPU
		{70280D4F-4F0E-4469-AD4A-EC18F92301B2}.Release|Any CPU.ActiveCfg = Release|Any CPU
		{70280D4F-4F0E-4469-AD4A-EC18F92301B2}.Release|Any CPU.Build.0 = Release|Any CPU
		{E05F0EC1-EE36-4922-9FD3-5A0D94648D9F}.Debug|Any CPU.ActiveCfg = Debug|Any CPU
		{E05F0EC1-EE36-4922-9FD3-5A0D94648D9F}.Debug|Any CPU.Build.0 = Debug|Any CPU
		{E05F0EC1-EE36-4922-9FD3-5A0D94648D9F}.Release|Any CPU.ActiveCfg = Release|Any CPU
		{E05F0EC1-EE36-4922-9FD3-5A0D94648D9F}.Release|Any CPU.Build.0 = Release|Any CPU
		{70F6E95B-544F-476C-B629-7DFC91D1B1D1}.Debug|Any CPU.ActiveCfg = Debug|Any CPU
		{70F6E95B-544F-476C-B629-7DFC91D1B1D1}.Debug|Any CPU.Build.0 = Debug|Any CPU
		{70F6E95B-544F-476C-B629-7DFC91D1B1D1}.Release|Any CPU.ActiveCfg = Release|Any CPU
		{70F6E95B-544F-476C-B629-7DFC91D1B1D1}.Release|Any CPU.Build.0 = Release|Any CPU
		{E85736D3-83C8-4262-BA3F-F63AFFC9D359}.Debug|Any CPU.ActiveCfg = Debug|Any CPU
		{E85736D3-83C8-4262-BA3F-F63AFFC9D359}.Debug|Any CPU.Build.0 = Debug|Any CPU
		{E85736D3-83C8-4262-BA3F-F63AFFC9D359}.Release|Any CPU.ActiveCfg = Release|Any CPU
		{E85736D3-83C8-4262-BA3F-F63AFFC9D359}.Release|Any CPU.Build.0 = Release|Any CPU
		{205B1EDD-A578-418A-AA42-2CDA69A8C343}.Debug|Any CPU.ActiveCfg = Debug|Any CPU
		{205B1EDD-A578-418A-AA42-2CDA69A8C343}.Debug|Any CPU.Build.0 = Debug|Any CPU
		{205B1EDD-A578-418A-AA42-2CDA69A8C343}.Release|Any CPU.ActiveCfg = Release|Any CPU
		{205B1EDD-A578-418A-AA42-2CDA69A8C343}.Release|Any CPU.Build.0 = Release|Any CPU
		{ADB42C5C-567F-4192-9DC2-FB695D28577E}.Debug|Any CPU.ActiveCfg = Debug|Any CPU
		{ADB42C5C-567F-4192-9DC2-FB695D28577E}.Debug|Any CPU.Build.0 = Debug|Any CPU
		{ADB42C5C-567F-4192-9DC2-FB695D28577E}.Release|Any CPU.ActiveCfg = Release|Any CPU
		{ADB42C5C-567F-4192-9DC2-FB695D28577E}.Release|Any CPU.Build.0 = Release|Any CPU
		{EB012D72-FB3F-4112-9302-404C5566BDF1}.Debug|Any CPU.ActiveCfg = Debug|Any CPU
		{EB012D72-FB3F-4112-9302-404C5566BDF1}.Debug|Any CPU.Build.0 = Debug|Any CPU
		{EB012D72-FB3F-4112-9302-404C5566BDF1}.Release|Any CPU.ActiveCfg = Release|Any CPU
		{EB012D72-FB3F-4112-9302-404C5566BDF1}.Release|Any CPU.Build.0 = Release|Any CPU
		{7C7B9A86-5C18-4227-B5B8-66EDA9F0AE14}.Debug|Any CPU.ActiveCfg = Debug|Any CPU
		{7C7B9A86-5C18-4227-B5B8-66EDA9F0AE14}.Debug|Any CPU.Build.0 = Debug|Any CPU
		{7C7B9A86-5C18-4227-B5B8-66EDA9F0AE14}.Release|Any CPU.ActiveCfg = Release|Any CPU
		{7C7B9A86-5C18-4227-B5B8-66EDA9F0AE14}.Release|Any CPU.Build.0 = Release|Any CPU
		{7E98DC20-FEED-463B-8542-3C8C8965227C}.Debug|Any CPU.ActiveCfg = Debug|Any CPU
		{7E98DC20-FEED-463B-8542-3C8C8965227C}.Debug|Any CPU.Build.0 = Debug|Any CPU
		{7E98DC20-FEED-463B-8542-3C8C8965227C}.Release|Any CPU.ActiveCfg = Release|Any CPU
		{7E98DC20-FEED-463B-8542-3C8C8965227C}.Release|Any CPU.Build.0 = Release|Any CPU
		{EAD88E29-82AA-4080-9D7E-47072836BC9B}.Debug|Any CPU.ActiveCfg = Debug|Any CPU
		{EAD88E29-82AA-4080-9D7E-47072836BC9B}.Debug|Any CPU.Build.0 = Debug|Any CPU
		{EAD88E29-82AA-4080-9D7E-47072836BC9B}.Release|Any CPU.ActiveCfg = Release|Any CPU
		{EAD88E29-82AA-4080-9D7E-47072836BC9B}.Release|Any CPU.Build.0 = Release|Any CPU
		{35CADD01-6C3D-417E-A49A-D9F3E010CEB4}.Debug|Any CPU.ActiveCfg = Debug|Any CPU
		{35CADD01-6C3D-417E-A49A-D9F3E010CEB4}.Debug|Any CPU.Build.0 = Debug|Any CPU
		{35CADD01-6C3D-417E-A49A-D9F3E010CEB4}.Release|Any CPU.ActiveCfg = Release|Any CPU
		{35CADD01-6C3D-417E-A49A-D9F3E010CEB4}.Release|Any CPU.Build.0 = Release|Any CPU
		{A1DCC5C9-C642-49C8-8204-17AD7BAC0D98}.Debug|Any CPU.ActiveCfg = Debug|Any CPU
		{A1DCC5C9-C642-49C8-8204-17AD7BAC0D98}.Debug|Any CPU.Build.0 = Debug|Any CPU
		{A1DCC5C9-C642-49C8-8204-17AD7BAC0D98}.Release|Any CPU.ActiveCfg = Release|Any CPU
		{A1DCC5C9-C642-49C8-8204-17AD7BAC0D98}.Release|Any CPU.Build.0 = Release|Any CPU
		{90DCD4E4-560F-4C78-8EE4-FAF1FF00CA51}.Debug|Any CPU.ActiveCfg = Debug|Any CPU
		{90DCD4E4-560F-4C78-8EE4-FAF1FF00CA51}.Debug|Any CPU.Build.0 = Debug|Any CPU
		{90DCD4E4-560F-4C78-8EE4-FAF1FF00CA51}.Release|Any CPU.ActiveCfg = Release|Any CPU
		{90DCD4E4-560F-4C78-8EE4-FAF1FF00CA51}.Release|Any CPU.Build.0 = Release|Any CPU
		{BA7B61ED-B19E-42B9-81FC-F23976BEA83C}.Debug|Any CPU.ActiveCfg = Debug|Any CPU
		{BA7B61ED-B19E-42B9-81FC-F23976BEA83C}.Debug|Any CPU.Build.0 = Debug|Any CPU
		{BA7B61ED-B19E-42B9-81FC-F23976BEA83C}.Release|Any CPU.ActiveCfg = Release|Any CPU
		{BA7B61ED-B19E-42B9-81FC-F23976BEA83C}.Release|Any CPU.Build.0 = Release|Any CPU
	EndGlobalSection
	GlobalSection(SolutionProperties) = preSolution
		HideSolutionNode = FALSE
	EndGlobalSection
	GlobalSection(NestedProjects) = preSolution
		{21256381-4591-415B-8823-848CAB3CECDD} = {944BCC5D-19FE-4758-A0C0-2F8E6B055CA9}
		{EBACFEA3-C32E-455E-A64D-A8AAA595A311} = {944BCC5D-19FE-4758-A0C0-2F8E6B055CA9}
		{BB642E48-F91D-42F9-92C0-06682DB71863} = {944BCC5D-19FE-4758-A0C0-2F8E6B055CA9}
		{20667F8C-9B0B-4644-ABD8-24313466C9E5} = {ABE190E4-B45F-42C0-9166-06817B37C9F5}
		{70280D4F-4F0E-4469-AD4A-EC18F92301B2} = {ABE190E4-B45F-42C0-9166-06817B37C9F5}
		{E05F0EC1-EE36-4922-9FD3-5A0D94648D9F} = {ABE190E4-B45F-42C0-9166-06817B37C9F5}
		{70F6E95B-544F-476C-B629-7DFC91D1B1D1} = {4BF9D57A-A1A3-406F-8584-5986C98420DF}
		{E85736D3-83C8-4262-BA3F-F63AFFC9D359} = {4BF9D57A-A1A3-406F-8584-5986C98420DF}
		{205B1EDD-A578-418A-AA42-2CDA69A8C343} = {4BF9D57A-A1A3-406F-8584-5986C98420DF}
		{ADB42C5C-567F-4192-9DC2-FB695D28577E} = {D53BE7BE-F8F8-4D7E-BA62-AC4D4F3F4B5B}
		{EB012D72-FB3F-4112-9302-404C5566BDF1} = {D53BE7BE-F8F8-4D7E-BA62-AC4D4F3F4B5B}
		{7C7B9A86-5C18-4227-B5B8-66EDA9F0AE14} = {D53BE7BE-F8F8-4D7E-BA62-AC4D4F3F4B5B}
		{7E98DC20-FEED-463B-8542-3C8C8965227C} = {0E23298E-E51B-4F88-91E5-3B91ABD5AA08}
		{EAD88E29-82AA-4080-9D7E-47072836BC9B} = {0E23298E-E51B-4F88-91E5-3B91ABD5AA08}
		{35CADD01-6C3D-417E-A49A-D9F3E010CEB4} = {0E23298E-E51B-4F88-91E5-3B91ABD5AA08}
		{A1DCC5C9-C642-49C8-8204-17AD7BAC0D98} = {723632AC-2BEE-4EE1-880D-6F43DA4EA563}
		{90DCD4E4-560F-4C78-8EE4-FAF1FF00CA51} = {723632AC-2BEE-4EE1-880D-6F43DA4EA563}
		{BA7B61ED-B19E-42B9-81FC-F23976BEA83C} = {723632AC-2BEE-4EE1-880D-6F43DA4EA563}
	EndGlobalSection
	GlobalSection(ExtensibilityGlobals) = postSolution
		SolutionGuid = {91CCAF32-D4B9-49ED-A5DB-515C3444BE90}
	EndGlobalSection
EndGlobal
